{
  "version": 2,
  "dependencies": {
    "net10.0-windows7.0": {
      "Microsoft.NET.ILLink.Tasks": {
        "type": "Direct",
        "requested": "[10.0.11, )",
        "resolved": "10.0.11",
        "contentHash": "IBf7lbovvjGWVWXZX5cJ/cO0WXbId0Zq4BuSeT94mGZuOAP66oMeH9PTBZ9Jpp3Jb6jtK0qm/NyUbPRo1gC/wQ=="
      },
      "SQLitePCLRaw.core": {
        "type": "Transitive",
        "resolved": "2.1.12",
        "contentHash": "ETpNw9DY3ckWLgRRAeCHj+GKOuPi61aeczkXhgHexUvqoZBAYg8RYESE2J7O1M7+o6QbdSEZwrw9bfqztUVWXg=="
      },
      "SQLitePCLRaw.provider.winsqlite3": {
        "type": "Transitive",
        "resolved": "2.1.11",
        "contentHash": "UpH9v68yuLAN3nvXB96s6GE3/tQhG1WnXenNJL/HulgfJAQ5S6ZT6BUy/sDFo5WpqaS0npBbW1z6szWlu6a4Xg==",
        "dependencies": {
          "SQLitePCLRaw.core": "2.1.11"
        }
      },
      "incidentreview.application": {
        "type": "Project",
        "dependencies": {
          "IncidentReview.Application.Contracts": "[1.0.0, )",
          "IncidentReview.Domain": "[1.0.0, )",
          "IncidentReview.EventSync.Contracts": "[1.0.0, )",
          "IncidentReview.Replay.Contracts": "[1.0.0, )",
          "IncidentReview.Results": "[1.0.0, )",
          "IncidentReview.Store.Contracts": "[1.0.0, )",
          "IncidentReview.Telemetry.Contracts": "[1.0.0, )"
        }
      },
      "incidentreview.application.contracts": {
        "type": "Project",
        "dependencies": {
          "IncidentReview.Domain": "[1.0.0, )",
          "IncidentReview.Results": "[1.0.0, )"
        }
      },
      "incidentreview.desktop.wpf": {
        "type": "Project",
        "dependencies": {
          "IncidentReview.Application.Contracts": "[1.0.0, )",
          "IncidentReview.Domain": "[1.0.0, )",
          "IncidentReview.Results": "[1.0.0, )"
        }
      },
      "incidentreview.domain": {
        "type": "Project",
        "dependencies": {
          "IncidentReview.Results": "[1.0.0, )"
        }
      },
      "incidentreview.eventsync.contracts": {
        "type": "Project",
        "dependencies": {
          "IncidentReview.Domain": "[1.0.0, )",
          "IncidentReview.Results": "[1.0.0, )"
        }
      },
      "incidentreview.eventsync.http": {
        "type": "Project",
        "dependencies": {
          "IncidentReview.Domain": "[1.0.0, )",
          "IncidentReview.EventSync.Contracts": "[1.0.0, )",
          "IncidentReview.Results": "[1.0.0, )"
        }
      },
      "incidentreview.iracing": {
        "type": "Project",
        "dependencies": {
          "IncidentReview.Domain": "[1.0.0, )",
          "IncidentReview.Replay.Contracts": "[1.0.0, )",
          "IncidentReview.Results": "[1.0.0, )",
          "IncidentReview.Telemetry.Contracts": "[1.0.0, )"
        }
      },
      "incidentreview.replay.contracts": {
        "type": "Project",
        "dependencies": {
          "IncidentReview.Domain": "[1.0.0, )",
          "IncidentReview.Results": "[1.0.0, )"
        }
      },
      "incidentreview.results": {
        "type": "Project"
      },
      "incidentreview.store.contracts": {
        "type": "Project",
        "dependencies": {
          "IncidentReview.Domain": "[1.0.0, )",
          "IncidentReview.Results": "[1.0.0, )"
        }
      },
      "incidentreview.store.sqlite": {
        "type": "Project",
        "dependencies": {
          "Dapper": "[2.1.79, )",
          "IncidentReview.Domain": "[1.0.0, )",
          "IncidentReview.Results": "[1.0.0, )",
          "IncidentReview.Store.Contracts": "[1.0.0, )",
          "Microsoft.Data.Sqlite.Core": "[10.0.11, )",
          "SQLitePCLRaw.bundle_winsqlite3": "[2.1.11, )",
          "dbup-core": "[6.1.1, )",
          "dbup-sqlite": "[6.0.4, )"
        }
      },
      "incidentreview.telemetry.contracts": {
        "type": "Project",
        "dependencies": {
          "IncidentReview.Domain": "[1.0.0, )",
          "IncidentReview.Results": "[1.0.0, )"
        }
      },
      "Dapper": {
        "type": "CentralTransitive",
        "requested": "[2.1.79, )",
        "resolved": "2.1.79",
        "contentHash": "8YijbzgTfmqmQOnVNorYM6K++pxqnW3nJ4aC1sRHzxUA2CcuoJ9gsTem3kgBnPRMc38zZHl4Esb6hAezXIEEuw=="
      },
      "dbup-core": {
        "type": "CentralTransitive",
        "requested": "[6.1.1, )",
        "resolved": "6.1.1",
        "contentHash": "kgpuyJVEFJHoIj/slnc994Go88aoeZqNDfGHDBr4sh7CsEWwJhOTCt/FJqO4ziUImL5L0NEY0kxxOiNgPKI2Fw=="
      },
      "dbup-sqlite": {
        "type": "CentralTransitive",
        "requested": "[6.0.4, )",
        "resolved": "6.0.4",
        "contentHash": "eEUr/hCvQHzvPjCSqV6Ic5cZTFiKXLse2k9e5ji8KDgIBD12BCvDdq2E6+C8GbYCZ8GEqlF7uRxVcyvYfrebQg==",
        "dependencies": {
          "Microsoft.Data.Sqlite.Core": "9.0.10",
          "dbup-core": "6.0.15"
        }
      },
      "Microsoft.Data.Sqlite.Core": {
        "type": "CentralTransitive",
        "requested": "[10.0.11, )",
        "resolved": "10.0.11",
        "contentHash": "hubA20AGenQ4Sx0ElWaPpB8DISjXpdx463+1zOGRslsT0e/t/06ITv+pHsop8CcJ0d8PZLfgnT7juCDVD79Dkw==",
        "dependencies": {
          "SQLitePCLRaw.core": "2.1.12"
        }
      },
      "SQLitePCLRaw.bundle_winsqlite3": {
        "type": "CentralTransitive",
        "requested": "[2.1.11, )",
        "resolved": "2.1.11",
        "contentHash": "kQ3Jo6XqPYYyjlgVh8KVGAFUfYsnyrrC8WvCYO33Coz0S2y1y1B8et8HCRmy7nt8rN+IA9XoaQz7QjI1PvXSAw==",
        "dependencies": {
          "SQLitePCLRaw.provider.winsqlite3": "2.1.11"
        }
      }
    },
    "net10.0-windows7.0/win-x64": {}
  }
}